
Microsoft Visual Studio Solution File, Format Version 12.00
# Visual Studio 15
Project("{FAE04EC0-301F-11D3-BF4B-00C04F79EFBC}") = "Assembly-CSharp", "Assembly-CSharp.csproj", "{A9729E64-9EBF-870E-0C0A-1979DDB76876}"
EndProject
Project("{FAE04EC0-301F-11D3-BF4B-00C04F79EFBC}") = "Assembly-CSharp-Editor", "Assembly-CSharp-Editor.csproj", "{50391B83-2DA8-48E0-4DBA-2F6C949EE821}"
EndProject
Global
	GlobalSection(SolutionConfigurationPlatforms) = preSolution
		Debug|Any CPU = Debug|Any CPU
		Release|Any CPU = Release|Any CPU
	EndGlobalSection
	GlobalSection(ProjectConfigurationPlatforms) = postSolution
		{A9729E64-9EBF-870E-0C0A-1979DDB76876}.Debug|Any CPU.ActiveCfg = Debug|Any CPU
		{A9729E64-9EBF-870E-0C0A-1979DDB76876}.Debug|Any CPU.Build.0 = Debug|Any CPU
		{A9729E64-9EBF-870E-0C0A-1979DDB76876}.Release|Any CPU.ActiveCfg = Release|Any CPU
		{A9729E64-9EBF-870E-0C0A-1979DDB76876}.Release|Any CPU.Build.0 = Release|Any CPU
		{50391B83-2DA8-48E0-4DBA-2F6C949EE821}.Debug|Any CPU.ActiveCfg = Debug|Any CPU
		{50391B83-2DA8-48E0-4DBA-2F6C949EE821}.Debug|Any CPU.Build.0 = Debug|Any CPU
		{50391B83-2DA8-48E0-4DBA-2F6C949EE821}.Release|Any CPU.ActiveCfg = Release|Any CPU
		{50391B83-2DA8-48E0-4DBA-2F6C949EE821}.Release|Any CPU.Build.0 = Release|Any CPU
	EndGlobalSection
	GlobalSection(SolutionProperties) = preSolution
		HideSolutionNode = FALSE
	EndGlobalSection
EndGlobal
